
Microsoft Visual Studio Solution File, Format Version 12.00
# Visual Studio Version 16
VisualStudioVersion = 16.0.31321.278
MinimumVisualStudioVersion = 10.0.40219.1
Project("{9A19103F-16F7-4668-BE54-9A1E7A4F7556}") = "CursoNetCore.Application", "CursoNetCore.Application\CursoNetCore.Application.csproj", "{1813407D-AA0F-465E-9B00-8608AF8A2F37}"
EndProject
Project("{9A19103F-16F7-4668-BE54-9A1E7A4F7556}") = "CursoNetCore.Domain", "CursoNetCore.Domain\CursoNetCore.Domain.csproj", "{6FEC5DB2-48CD-4658-8C39-C62D0B648985}"
EndProject
Project("{FAE04EC0-301F-11D3-BF4B-00C04F79EFBC}") = "CursoNetCore.CrossCutting", "CursoNetCore.CrossCutting\CursoNetCore.CrossCutting.csproj", "{6F51483C-383C-40C8-B51E-4BB00591E763}"
EndProject
Project("{FAE04EC0-301F-11D3-BF4B-00C04F79EFBC}") = "CursoNetCore.Data", "CursoNetCore.Data\CursoNetCore.Data.csproj", "{677AE5E7-D15A-4178-984D-C3D6E0A7F0E7}"
EndProject
Global
	GlobalSection(SolutionConfigurationPlatforms) = preSolution
		Debug|Any CPU = Debug|Any CPU
		Release|Any CPU = Release|Any CPU
	EndGlobalSection
	GlobalSection(ProjectConfigurationPlatforms) = postSolution
		{1813407D-AA0F-465E-9B00-8608AF8A2F37}.Debug|Any CPU.ActiveCfg = Debug|Any CPU
		{1813407D-AA0F-465E-9B00-8608AF8A2F37}.Debug|Any CPU.Build.0 = Debug|Any CPU
		{1813407D-AA0F-465E-9B00-8608AF8A2F37}.Release|Any CPU.ActiveCfg = Release|Any CPU
		{1813407D-AA0F-465E-9B00-8608AF8A2F37}.Release|Any CPU.Build.0 = Release|Any CPU
		{6FEC5DB2-48CD-4658-8C39-C62D0B648985}.Debug|Any CPU.ActiveCfg = Debug|Any CPU
		{6FEC5DB2-48CD-4658-8C39-C62D0B648985}.Debug|Any CPU.Build.0 = Debug|Any CPU
		{6FEC5DB2-48CD-4658-8C39-C62D0B648985}.Release|Any CPU.ActiveCfg = Release|Any CPU
		{6FEC5DB2-48CD-4658-8C39-C62D0B648985}.Release|Any CPU.Build.0 = Release|Any CPU
		{6F51483C-383C-40C8-B51E-4BB00591E763}.Debug|Any CPU.ActiveCfg = Debug|Any CPU
		{6F51483C-383C-40C8-B51E-4BB00591E763}.Debug|Any CPU.Build.0 = Debug|Any CPU
		{6F51483C-383C-40C8-B51E-4BB00591E763}.Release|Any CPU.ActiveCfg = Release|Any CPU
		{6F51483C-383C-40C8-B51E-4BB00591E763}.Release|Any CPU.Build.0 = Release|Any CPU
		{677AE5E7-D15A-4178-984D-C3D6E0A7F0E7}.Debug|Any CPU.ActiveCfg = Debug|Any CPU
		{677AE5E7-D15A-4178-984D-C3D6E0A7F0E7}.Debug|Any CPU.Build.0 = Debug|Any CPU
		{677AE5E7-D15A-4178-984D-C3D6E0A7F0E7}.Release|Any CPU.ActiveCfg = Release|Any CPU
		{677AE5E7-D15A-4178-984D-C3D6E0A7F0E7}.Release|Any CPU.Build.0 = Release|Any CPU
	EndGlobalSection
	GlobalSection(SolutionProperties) = preSolution
		HideSolutionNode = FALSE
	EndGlobalSection
	GlobalSection(ExtensibilityGlobals) = postSolution
		SolutionGuid = {6274F5FB-7B27-4666-9076-4B1D2E25299F}
	EndGlobalSection
EndGlobal
